// !$*UTF8*$!
{
	archiveVersion = 1;
	classes = {
	};
	objectVersion = 56;
	objects = {

/* Begin PBXBuildFile section */
		F41422AB2BC8F9B9008A026D /* ARKit.framework in Frameworks */ = {isa = PBXBuildFile; fileRef = F41422AA2BC8F9B9008A026D /* ARKit.framework */; };
		F41422FD2BC8FCE2008A026D /* SwiftUIpracticeApp.swift in Sources */ = {isa = PBXBuildFile; fileRef = F41422FC2BC8FCE2008A026D /* SwiftUIpracticeApp.swift */; };
		F41422FF2BC8FE1F008A026D /* sgsView9.swift in Sources */ = {isa = PBXBuildFile; fileRef = F41422FE2BC8FE1F008A026D /* sgsView9.swift */; };
		F41423012BC9033C008A026D /* sgsView10.swift in Sources */ = {isa = PBXBuildFile; fileRef = F41423002BC9033C008A026D /* sgsView10.swift */; };
		F4142FD52BC658030084A70F /* VL1.swift in Sources */ = {isa = PBXBuildFile; fileRef = F4142FD42BC658030084A70F /* VL1.swift */; };
		F4142FD72BC6596C0084A70F /* vl2.swift in Sources */ = {isa = PBXBuildFile; fileRef = F4142FD62BC6596C0084A70F /* vl2.swift */; };
		F4142FD92BC65A2C0084A70F /* vl3.swift in Sources */ = {isa = PBXBuildFile; fileRef = F4142FD82BC65A2C0084A70F /* vl3.swift */; };
		F4142FDB2BC65BF00084A70F /* vl4.swift in Sources */ = {isa = PBXBuildFile; fileRef = F4142FDA2BC65BF00084A70F /* vl4.swift */; };
		F43BE2922BC39FB6002D44D6 /* Assets.xcassets in Resources */ = {isa = PBXBuildFile; fileRef = F43BE2912BC39FB6002D44D6 /* Assets.xcassets */; };
		F43BE2952BC39FB6002D44D6 /* Preview Assets.xcassets in Resources */ = {isa = PBXBuildFile; fileRef = F43BE2942BC39FB6002D44D6 /* Preview Assets.xcassets */; };
		F43BE29D2BC3A047002D44D6 /* TextView.swift in Sources */ = {isa = PBXBuildFile; fileRef = F43BE29C2BC3A047002D44D6 /* TextView.swift */; };
		F43BE29F2BC3A297002D44D6 /* dummyView.swift in Sources */ = {isa = PBXBuildFile; fileRef = F43BE29E2BC3A297002D44D6 /* dummyView.swift */; };
		F43BE2A12BC3A3B2002D44D6 /* TextView2.swift in Sources */ = {isa = PBXBuildFile; fileRef = F43BE2A02BC3A3B2002D44D6 /* TextView2.swift */; };
		F43BE2A32BC3A564002D44D6 /* TextView3.swift in Sources */ = {isa = PBXBuildFile; fileRef = F43BE2A22BC3A564002D44D6 /* TextView3.swift */; };
		F43BE2A52BC3A7CA002D44D6 /* TextView4.swift in Sources */ = {isa = PBXBuildFile; fileRef = F43BE2A42BC3A7CA002D44D6 /* TextView4.swift */; };
		F43BE2A72BC3AB5D002D44D6 /* TextView5.swift in Sources */ = {isa = PBXBuildFile; fileRef = F43BE2A62BC3AB5D002D44D6 /* TextView5.swift */; };
		F43BE2C42BC3BCA2002D44D6 /* ImageView.swift in Sources */ = {isa = PBXBuildFile; fileRef = F43BE2C32BC3BCA2002D44D6 /* ImageView.swift */; };
		F46CD4342BC8046B0062D288 /* sgsView.swift in Sources */ = {isa = PBXBuildFile; fileRef = F46CD4332BC8046B0062D288 /* sgsView.swift */; };
		F46CD4362BC806040062D288 /* sgsView2.swift in Sources */ = {isa = PBXBuildFile; fileRef = F46CD4352BC806040062D288 /* sgsView2.swift */; };
		F46CD4382BC806710062D288 /* sgsView3.swift in Sources */ = {isa = PBXBuildFile; fileRef = F46CD4372BC806710062D288 /* sgsView3.swift */; };
		F46CD43A2BC806CE0062D288 /* sgsView4.swift in Sources */ = {isa = PBXBuildFile; fileRef = F46CD4392BC806CE0062D288 /* sgsView4.swift */; };
		F46CD43C2BC8076B0062D288 /* sgsView5.swift in Sources */ = {isa = PBXBuildFile; fileRef = F46CD43B2BC8076B0062D288 /* sgsView5.swift */; };
		F46CD43E2BC809D70062D288 /* sgsView6.swift in Sources */ = {isa = PBXBuildFile; fileRef = F46CD43D2BC809D70062D288 /* sgsView6.swift */; };
		F46CD4402BC80DFD0062D288 /* sgsView7.swift in Sources */ = {isa = PBXBuildFile; fileRef = F46CD43F2BC80DFD0062D288 /* sgsView7.swift */; };
		F46CD4442BC817980062D288 /* sgsView8.swift in Sources */ = {isa = PBXBuildFile; fileRef = F46CD4432BC817980062D288 /* sgsView8.swift */; };
		F49E0A832BC6D539004A5335 /* vl5.swift in Sources */ = {isa = PBXBuildFile; fileRef = F49E0A822BC6D539004A5335 /* vl5.swift */; };
		F49E0A852BC6D680004A5335 /* vl6.swift in Sources */ = {isa = PBXBuildFile; fileRef = F49E0A842BC6D680004A5335 /* vl6.swift */; };
		F49E0A872BC6D6E8004A5335 /* vl7.swift in Sources */ = {isa = PBXBuildFile; fileRef = F49E0A862BC6D6E8004A5335 /* vl7.swift */; };
		F49E0A892BC6D75F004A5335 /* VL8.swift in Sources */ = {isa = PBXBuildFile; fileRef = F49E0A882BC6D75F004A5335 /* VL8.swift */; };
		F4CD0E3C2BC587A10098DBCB /* ShapeView.swift in Sources */ = {isa = PBXBuildFile; fileRef = F4CD0E3B2BC587A10098DBCB /* ShapeView.swift */; };
		F4CD0E3E2BC58A1E0098DBCB /* ShapeView2.swift in Sources */ = {isa = PBXBuildFile; fileRef = F4CD0E3D2BC58A1E0098DBCB /* ShapeView2.swift */; };
		F4CD0E402BC58C3E0098DBCB /* ShapView3.swift in Sources */ = {isa = PBXBuildFile; fileRef = F4CD0E3F2BC58C3E0098DBCB /* ShapView3.swift */; };
		F4CD0E422BC58EB10098DBCB /* shapeView4.swift in Sources */ = {isa = PBXBuildFile; fileRef = F4CD0E412BC58EB10098DBCB /* shapeView4.swift */; };
		F4CD0E4B2BC592ED0098DBCB /* MediaView.swift in Sources */ = {isa = PBXBuildFile; fileRef = F4CD0E4A2BC592ED0098DBCB /* MediaView.swift */; };
		F4CD0E4D2BC5952A0098DBCB /* MediaView2.swift in Sources */ = {isa = PBXBuildFile; fileRef = F4CD0E4C2BC5952A0098DBCB /* MediaView2.swift */; };
		F4CD0E4F2BC5990D0098DBCB /* MediaView3.swift in Sources */ = {isa = PBXBuildFile; fileRef = F4CD0E4E2BC5990D0098DBCB /* MediaView3.swift */; };
		F4DE8E652BC94002000C7AA5 /* sgsView11.swift in Sources */ = {isa = PBXBuildFile; fileRef = F4DE8E642BC94002000C7AA5 /* sgsView11.swift */; };
		F4DE8E672BC94920000C7AA5 /* sgsView12.swift in Sources */ = {isa = PBXBuildFile; fileRef = F4DE8E662BC94920000C7AA5 /* sgsView12.swift */; };
/* End PBXBuildFile section */

/* Begin PBXFileReference section */
		F41422AA2BC8F9B9008A026D /* ARKit.framework */ = {isa = PBXFileReference; lastKnownFileType = wrapper.framework; name = ARKit.framework; path = System/Library/Frameworks/ARKit.framework; sourceTree = SDKROOT; };
		F41422FC2BC8FCE2008A026D /* SwiftUIpracticeApp.swift */ = {isa = PBXFileReference; lastKnownFileType = sourcecode.swift; path = SwiftUIpracticeApp.swift; sourceTree = "<group>"; };
		F41422FE2BC8FE1F008A026D /* sgsView9.swift */ = {isa = PBXFileReference; lastKnownFileType = sourcecode.swift; path = sgsView9.swift; sourceTree = "<group>"; };
		F41423002BC9033C008A026D /* sgsView10.swift */ = {isa = PBXFileReference; lastKnownFileType = sourcecode.swift; path = sgsView10.swift; sourceTree = "<group>"; };
		F4142FD42BC658030084A70F /* VL1.swift */ = {isa = PBXFileReference; lastKnownFileType = sourcecode.swift; path = VL1.swift; sourceTree = "<group>"; };
		F4142FD62BC6596C0084A70F /* vl2.swift */ = {isa = PBXFileReference; lastKnownFileType = sourcecode.swift; path = vl2.swift; sourceTree = "<group>"; };
		F4142FD82BC65A2C0084A70F /* vl3.swift */ = {isa = PBXFileReference; lastKnownFileType = sourcecode.swift; path = vl3.swift; sourceTree = "<group>"; };
		F4142FDA2BC65BF00084A70F /* vl4.swift */ = {isa = PBXFileReference; lastKnownFileType = sourcecode.swift; path = vl4.swift; sourceTree = "<group>"; };
		F43BE28A2BC39FB4002D44D6 /* SwiftUIpractice.app */ = {isa = PBXFileReference; explicitFileType = wrapper.application; includeInIndex = 0; path = SwiftUIpractice.app; sourceTree = BUILT_PRODUCTS_DIR; };
		F43BE2912BC39FB6002D44D6 /* Assets.xcassets */ = {isa = PBXFileReference; lastKnownFileType = folder.assetcatalog; path = Assets.xcassets; sourceTree = "<group>"; };
		F43BE2942BC39FB6002D44D6 /* Preview Assets.xcassets */ = {isa = PBXFileReference; lastKnownFileType = folder.assetcatalog; path = "Preview Assets.xcassets"; sourceTree = "<group>"; };
		F43BE29C2BC3A047002D44D6 /* TextView.swift */ = {isa = PBXFileReference; lastKnownFileType = sourcecode.swift; path = TextView.swift; sourceTree = "<group>"; };
		F43BE29E2BC3A297002D44D6 /* dummyView.swift */ = {isa = PBXFileReference; lastKnownFileType = sourcecode.swift; path = dummyView.swift; sourceTree = "<group>"; };
		F43BE2A02BC3A3B2002D44D6 /* TextView2.swift */ = {isa = PBXFileReference; lastKnownFileType = sourcecode.swift; path = TextView2.swift; sourceTree = "<group>"; };
		F43BE2A22BC3A564002D44D6 /* TextView3.swift */ = {isa = PBXFileReference; lastKnownFileType = sourcecode.swift; path = TextView3.swift; sourceTree = "<group>"; };
		F43BE2A42BC3A7CA002D44D6 /* TextView4.swift */ = {isa = PBXFileReference; lastKnownFileType = sourcecode.swift; path = TextView4.swift; sourceTree = "<group>"; };
		F43BE2A62BC3AB5D002D44D6 /* TextView5.swift */ = {isa = PBXFileReference; lastKnownFileType = sourcecode.swift; path = TextView5.swift; sourceTree = "<group>"; };
		F43BE2C32BC3BCA2002D44D6 /* ImageView.swift */ = {isa = PBXFileReference; lastKnownFileType = sourcecode.swift; path = ImageView.swift; sourceTree = "<group>"; };
		F46CD4332BC8046B0062D288 /* sgsView.swift */ = {isa = PBXFileReference; lastKnownFileType = sourcecode.swift; path = sgsView.swift; sourceTree = "<group>"; };
		F46CD4352BC806040062D288 /* sgsView2.swift */ = {isa = PBXFileReference; lastKnownFileType = sourcecode.swift; path = sgsView2.swift; sourceTree = "<group>"; };
		F46CD4372BC806710062D288 /* sgsView3.swift */ = {isa = PBXFileReference; lastKnownFileType = sourcecode.swift; path = sgsView3.swift; sourceTree = "<group>"; };
		F46CD4392BC806CE0062D288 /* sgsView4.swift */ = {isa = PBXFileReference; lastKnownFileType = sourcecode.swift; path = sgsView4.swift; sourceTree = "<group>"; };
		F46CD43B2BC8076B0062D288 /* sgsView5.swift */ = {isa = PBXFileReference; lastKnownFileType = sourcecode.swift; path = sgsView5.swift; sourceTree = "<group>"; };
		F46CD43D2BC809D70062D288 /* sgsView6.swift */ = {isa = PBXFileReference; lastKnownFileType = sourcecode.swift; path = sgsView6.swift; sourceTree = "<group>"; };
		F46CD43F2BC80DFD0062D288 /* sgsView7.swift */ = {isa = PBXFileReference; lastKnownFileType = sourcecode.swift; path = sgsView7.swift; sourceTree = "<group>"; };
		F46CD4432BC817980062D288 /* sgsView8.swift */ = {isa = PBXFileReference; lastKnownFileType = sourcecode.swift; path = sgsView8.swift; sourceTree = "<group>"; };
		F49E0A822BC6D539004A5335 /* vl5.swift */ = {isa = PBXFileReference; lastKnownFileType = sourcecode.swift; path = vl5.swift; sourceTree = "<group>"; };
		F49E0A842BC6D680004A5335 /* vl6.swift */ = {isa = PBXFileReference; lastKnownFileType = sourcecode.swift; path = vl6.swift; sourceTree = "<group>"; };
		F49E0A862BC6D6E8004A5335 /* vl7.swift */ = {isa = PBXFileReference; lastKnownFileType = sourcecode.swift; path = vl7.swift; sourceTree = "<group>"; };
		F49E0A882BC6D75F004A5335 /* VL8.swift */ = {isa = PBXFileReference; lastKnownFileType = sourcecode.swift; path = VL8.swift; sourceTree = "<group>"; };
		F4CD0E3B2BC587A10098DBCB /* ShapeView.swift */ = {isa = PBXFileReference; lastKnownFileType = sourcecode.swift; path = ShapeView.swift; sourceTree = "<group>"; };
		F4CD0E3D2BC58A1E0098DBCB /* ShapeView2.swift */ = {isa = PBXFileReference; lastKnownFileType = sourcecode.swift; path = ShapeView2.swift; sourceTree = "<group>"; };
		F4CD0E3F2BC58C3E0098DBCB /* ShapView3.swift */ = {isa = PBXFileReference; lastKnownFileType = sourcecode.swift; path = ShapView3.swift; sourceTree = "<group>"; };
		F4CD0E412BC58EB10098DBCB /* shapeView4.swift */ = {isa = PBXFileReference; lastKnownFileType = sourcecode.swift; path = shapeView4.swift; sourceTree = "<group>"; };
		F4CD0E4A2BC592ED0098DBCB /* MediaView.swift */ = {isa = PBXFileReference; lastKnownFileType = sourcecode.swift; path = MediaView.swift; sourceTree = "<group>"; };
		F4CD0E4C2BC5952A0098DBCB /* MediaView2.swift */ = {isa = PBXFileReference; lastKnownFileType = sourcecode.swift; path = MediaView2.swift; sourceTree = "<group>"; };
		F4CD0E4E2BC5990D0098DBCB /* MediaView3.swift */ = {isa = PBXFileReference; lastKnownFileType = sourcecode.swift; path = MediaView3.swift; sourceTree = "<group>"; };
		F4DE8E642BC94002000C7AA5 /* sgsView11.swift */ = {isa = PBXFileReference; lastKnownFileType = sourcecode.swift; path = sgsView11.swift; sourceTree = "<group>"; };
		F4DE8E662BC94920000C7AA5 /* sgsView12.swift */ = {isa = PBXFileReference; lastKnownFileType = sourcecode.swift; path = sgsView12.swift; sourceTree = "<group>"; };
/* End PBXFileReference section */

/* Begin PBXFrameworksBuildPhase section */
		F43BE2872BC39FB4002D44D6 /* Frameworks */ = {
			isa = PBXFrameworksBuildPhase;
			buildActionMask = 2147483647;
			files = (
				F41422AB2BC8F9B9008A026D /* ARKit.framework in Frameworks */,
			);
			runOnlyForDeploymentPostprocessing = 0;
		};
/* End PBXFrameworksBuildPhase section */

/* Begin PBXGroup section */
		F4142FD32BC657DB0084A70F /* ViewLayout */ = {
			isa = PBXGroup;
			children = (
				F4142FD42BC658030084A70F /* VL1.swift */,
				F4142FD62BC6596C0084A70F /* vl2.swift */,
				F4142FD82BC65A2C0084A70F /* vl3.swift */,
				F4142FDA2BC65BF00084A70F /* vl4.swift */,
				F49E0A822BC6D539004A5335 /* vl5.swift */,
				F49E0A842BC6D680004A5335 /* vl6.swift */,
				F49E0A862BC6D6E8004A5335 /* vl7.swift */,
				F49E0A882BC6D75F004A5335 /* VL8.swift */,
			);
			path = ViewLayout;
			sourceTree = "<group>";
		};
		F43BE2812BC39FB4002D44D6 = {
			isa = PBXGroup;
			children = (
				F43BE28C2BC39FB4002D44D6 /* SwiftUIpractice */,
				F43BE28B2BC39FB4002D44D6 /* Products */,
				F4CD0E452BC590BA0098DBCB /* Frameworks */,
			);
			sourceTree = "<group>";
		};
		F43BE28B2BC39FB4002D44D6 /* Products */ = {
			isa = PBXGroup;
			children = (
				F43BE28A2BC39FB4002D44D6 /* SwiftUIpractice.app */,
			);
			name = Products;
			sourceTree = "<group>";
		};
		F43BE28C2BC39FB4002D44D6 /* SwiftUIpractice */ = {
			isa = PBXGroup;
			children = (
				F46CD4322BC804330062D288 /* Stacks, grids, scrollView */,
				F4142FD32BC657DB0084A70F /* ViewLayout */,
				F43BE2A82BC3AE33002D44D6 /* Images,Shapes,Media */,
				F43BE29B2BC39FD0002D44D6 /* Text */,
				F43BE2912BC39FB6002D44D6 /* Assets.xcassets */,
				F43BE2932BC39FB6002D44D6 /* Preview Content */,
				F41422FC2BC8FCE2008A026D /* SwiftUIpracticeApp.swift */,
			);
			path = SwiftUIpractice;
			sourceTree = "<group>";
		};
		F43BE2932BC39FB6002D44D6 /* Preview Content */ = {
			isa = PBXGroup;
			children = (
				F43BE2942BC39FB6002D44D6 /* Preview Assets.xcassets */,
			);
			path = "Preview Content";
			sourceTree = "<group>";
		};
		F43BE29B2BC39FD0002D44D6 /* Text */ = {
			isa = PBXGroup;
			children = (
				F43BE29C2BC3A047002D44D6 /* TextView.swift */,
				F43BE29E2BC3A297002D44D6 /* dummyView.swift */,
				F43BE2A02BC3A3B2002D44D6 /* TextView2.swift */,
				F43BE2A22BC3A564002D44D6 /* TextView3.swift */,
				F43BE2A42BC3A7CA002D44D6 /* TextView4.swift */,
				F43BE2A62BC3AB5D002D44D6 /* TextView5.swift */,
			);
			path = Text;
			sourceTree = "<group>";
		};
		F43BE2A82BC3AE33002D44D6 /* Images,Shapes,Media */ = {
			isa = PBXGroup;
			children = (
				F43BE2C32BC3BCA2002D44D6 /* ImageView.swift */,
				F4CD0E3B2BC587A10098DBCB /* ShapeView.swift */,
				F4CD0E3D2BC58A1E0098DBCB /* ShapeView2.swift */,
				F4CD0E3F2BC58C3E0098DBCB /* ShapView3.swift */,
				F4CD0E412BC58EB10098DBCB /* shapeView4.swift */,
				F4CD0E4A2BC592ED0098DBCB /* MediaView.swift */,
				F4CD0E4C2BC5952A0098DBCB /* MediaView2.swift */,
				F4CD0E4E2BC5990D0098DBCB /* MediaView3.swift */,
			);
			path = "Images,Shapes,Media";
			sourceTree = "<group>";
		};
		F46CD4322BC804330062D288 /* Stacks, grids, scrollView */ = {
			isa = PBXGroup;
			children = (
				F46CD4332BC8046B0062D288 /* sgsView.swift */,
				F46CD4352BC806040062D288 /* sgsView2.swift */,
				F46CD4372BC806710062D288 /* sgsView3.swift */,
				F46CD4392BC806CE0062D288 /* sgsView4.swift */,
				F46CD43B2BC8076B0062D288 /* sgsView5.swift */,
				F46CD43D2BC809D70062D288 /* sgsView6.swift */,
				F46CD43F2BC80DFD0062D288 /* sgsView7.swift */,
				F46CD4432BC817980062D288 /* sgsView8.swift */,
				F41422FE2BC8FE1F008A026D /* sgsView9.swift */,
				F41423002BC9033C008A026D /* sgsView10.swift */,
				F4DE8E642BC94002000C7AA5 /* sgsView11.swift */,
				F4DE8E662BC94920000C7AA5 /* sgsView12.swift */,
			);
			path = "Stacks, grids, scrollView";
			sourceTree = "<group>";
		};
		F4CD0E452BC590BA0098DBCB /* Frameworks */ = {
			isa = PBXGroup;
			children = (
				F41422AA2BC8F9B9008A026D /* ARKit.framework */,
			);
			name = Frameworks;
			sourceTree = "<group>";
		};
/* End PBXGroup section */

/* Begin PBXNativeTarget section */
		F43BE2892BC39FB4002D44D6 /* SwiftUIpractice */ = {
			isa = PBXNativeTarget;
			buildConfigurationList = F43BE2982BC39FB6002D44D6 /* Build configuration list for PBXNativeTarget "SwiftUIpractice" */;
			buildPhases = (
				F43BE2862BC39FB4002D44D6 /* Sources */,
				F43BE2872BC39FB4002D44D6 /* Frameworks */,
				F43BE2882BC39FB4002D44D6 /* Resources */,
			);
			buildRules = (
			);
			dependencies = (
			);
			name = SwiftUIpractice;
			productName = SwiftUIpractice;
			productReference = F43BE28A2BC39FB4002D44D6 /* SwiftUIpractice.app */;
			productType = "com.apple.product-type.application";
		};
/* End PBXNativeTarget section */

/* Begin PBXProject section */
		F43BE2822BC39FB4002D44D6 /* Project object */ = {
			isa = PBXProject;
			attributes = {
				BuildIndependentTargetsInParallel = 1;
				LastSwiftUpdateCheck = 1520;
				LastUpgradeCheck = 1520;
				TargetAttributes = {
					F43BE2892BC39FB4002D44D6 = {
						CreatedOnToolsVersion = 15.2;
					};
				};
			};
			buildConfigurationList = F43BE2852BC39FB4002D44D6 /* Build configuration list for PBXProject "SwiftUIpractice" */;
			compatibilityVersion = "Xcode 14.0";
			developmentRegion = en;
			hasScannedForEncodings = 0;
			knownRegions = (
				en,
				Base,
			);
			mainGroup = F43BE2812BC39FB4002D44D6;
			productRefGroup = F43BE28B2BC39FB4002D44D6 /* Products */;
			projectDirPath = "";
			projectRoot = "";
			targets = (
				F43BE2892BC39FB4002D44D6 /* SwiftUIpractice */,
			);
		};
/* End PBXProject section */

/* Begin PBXResourcesBuildPhase section */
		F43BE2882BC39FB4002D44D6 /* Resources */ = {
			isa = PBXResourcesBuildPhase;
			buildActionMask = 2147483647;
			files = (
				F43BE2952BC39FB6002D44D6 /* Preview Assets.xcassets in Resources */,
				F43BE2922BC39FB6002D44D6 /* Assets.xcassets in Resources */,
			);
			runOnlyForDeploymentPostprocessing = 0;
		};
/* End PBXResourcesBuildPhase section */

/* Begin PBXSourcesBuildPhase section */
		F43BE2862BC39FB4002D44D6 /* Sources */ = {
			isa = PBXSourcesBuildPhase;
			buildActionMask = 2147483647;
			files = (
				F4CD0E402BC58C3E0098DBCB /* ShapView3.swift in Sources */,
				F4CD0E3C2BC587A10098DBCB /* ShapeView.swift in Sources */,
				F4DE8E652BC94002000C7AA5 /* sgsView11.swift in Sources */,
				F46CD4382BC806710062D288 /* sgsView3.swift in Sources */,
				F43BE2A12BC3A3B2002D44D6 /* TextView2.swift in Sources */,
				F4142FD72BC6596C0084A70F /* vl2.swift in Sources */,
				F43BE29F2BC3A297002D44D6 /* dummyView.swift in Sources */,
				F46CD43E2BC809D70062D288 /* sgsView6.swift in Sources */,
				F43BE29D2BC3A047002D44D6 /* TextView.swift in Sources */,
				F4142FD52BC658030084A70F /* VL1.swift in Sources */,
				F46CD4442BC817980062D288 /* sgsView8.swift in Sources */,
				F41422FF2BC8FE1F008A026D /* sgsView9.swift in Sources */,
				F4CD0E3E2BC58A1E0098DBCB /* ShapeView2.swift in Sources */,
				F4DE8E672BC94920000C7AA5 /* sgsView12.swift in Sources */,
				F4CD0E4B2BC592ED0098DBCB /* MediaView.swift in Sources */,
				F49E0A852BC6D680004A5335 /* vl6.swift in Sources */,
				F41423012BC9033C008A026D /* sgsView10.swift in Sources */,
				F49E0A892BC6D75F004A5335 /* VL8.swift in Sources */,
				F46CD4402BC80DFD0062D288 /* sgsView7.swift in Sources */,
				F49E0A872BC6D6E8004A5335 /* vl7.swift in Sources */,
				F46CD43C2BC8076B0062D288 /* sgsView5.swift in Sources */,
				F41422FD2BC8FCE2008A026D /* SwiftUIpracticeApp.swift in Sources */,
				F4CD0E4F2BC5990D0098DBCB /* MediaView3.swift in Sources */,
				F43BE2A32BC3A564002D44D6 /* TextView3.swift in Sources */,
				F43BE2C42BC3BCA2002D44D6 /* ImageView.swift in Sources */,
				F46CD4342BC8046B0062D288 /* sgsView.swift in Sources */,
				F4142FDB2BC65BF00084A70F /* vl4.swift in Sources */,
				F43BE2A52BC3A7CA002D44D6 /* TextView4.swift in Sources */,
				F46CD43A2BC806CE0062D288 /* sgsView4.swift in Sources */,
				F46CD4362BC806040062D288 /* sgsView2.swift in Sources */,
				F4CD0E422BC58EB10098DBCB /* shapeView4.swift in Sources */,
				F4142FD92BC65A2C0084A70F /* vl3.swift in Sources */,
				F4CD0E4D2BC5952A0098DBCB /* MediaView2.swift in Sources */,
				F43BE2A72BC3AB5D002D44D6 /* TextView5.swift in Sources */,
				F49E0A832BC6D539004A5335 /* vl5.swift in Sources */,
			);
			runOnlyForDeploymentPostprocessing = 0;
		};
/* End PBXSourcesBuildPhase section */

/* Begin XCBuildConfiguration section */
		F43BE2962BC39FB6002D44D6 /* Debug */ = {
			isa = XCBuildConfiguration;
			buildSettings = {
				ALWAYS_SEARCH_USER_PATHS = NO;
				ASSETCATALOG_COMPILER_GENERATE_SWIFT_ASSET_SYMBOL_EXTENSIONS = YES;
				CLANG_ANALYZER_NONNULL = YES;
				CLANG_ANALYZER_NUMBER_OBJECT_CONVERSION = YES_AGGRESSIVE;
				CLANG_CXX_LANGUAGE_STANDARD = "gnu++20";
				CLANG_ENABLE_MODULES = YES;
				CLANG_ENABLE_OBJC_ARC = YES;
				CLANG_ENABLE_OBJC_WEAK = YES;
				CLANG_WARN_BLOCK_CAPTURE_AUTORELEASING = YES;
				CLANG_WARN_BOOL_CONVERSION = YES;
				CLANG_WARN_COMMA = YES;
				CLANG_WARN_CONSTANT_CONVERSION = YES;
				CLANG_WARN_DEPRECATED_OBJC_IMPLEMENTATIONS = YES;
				CLANG_WARN_DIRECT_OBJC_ISA_USAGE = YES_ERROR;
				CLANG_WARN_DOCUMENTATION_COMMENTS = YES;
				CLANG_WARN_EMPTY_BODY = YES;
				CLANG_WARN_ENUM_CONVERSION = YES;
				CLANG_WARN_INFINITE_RECURSION = YES;
				CLANG_WARN_INT_CONVERSION = YES;
				CLANG_WARN_NON_LITERAL_NULL_CONVERSION = YES;
				CLANG_WARN_OBJC_IMPLICIT_RETAIN_SELF = YES;
				CLANG_WARN_OBJC_LITERAL_CONVERSION = YES;
				CLANG_WARN_OBJC_ROOT_CLASS = YES_ERROR;
				CLANG_WARN_QUOTED_INCLUDE_IN_FRAMEWORK_HEADER = YES;
				CLANG_WARN_RANGE_LOOP_ANALYSIS = YES;
				CLANG_WARN_STRICT_PROTOTYPES = YES;
				CLANG_WARN_SUSPICIOUS_MOVE = YES;
				CLANG_WARN_UNGUARDED_AVAILABILITY = YES_AGGRESSIVE;
				CLANG_WARN_UNREACHABLE_CODE = YES;
				CLANG_WARN__DUPLICATE_METHOD_MATCH = YES;
				COPY_PHASE_STRIP = NO;
				DEBUG_INFORMATION_FORMAT = dwarf;
				ENABLE_STRICT_OBJC_MSGSEND = YES;
				ENABLE_TESTABILITY = YES;
				ENABLE_USER_SCRIPT_SANDBOXING = YES;
				GCC_C_LANGUAGE_STANDARD = gnu17;
				GCC_DYNAMIC_NO_PIC = NO;
				GCC_NO_COMMON_BLOCKS = YES;
				GCC_OPTIMIZATION_LEVEL = 0;
				GCC_PREPROCESSOR_DEFINITIONS = (
					"DEBUG=1",
					"$(inherited)",
				);
				GCC_WARN_64_TO_32_BIT_CONVERSION = YES;
				GCC_WARN_ABOUT_RETURN_TYPE = YES_ERROR;
				GCC_WARN_UNDECLARED_SELECTOR = YES;
				GCC_WARN_UNINITIALIZED_AUTOS = YES_AGGRESSIVE;
				GCC_WARN_UNUSED_FUNCTION = YES;
				GCC_WARN_UNUSED_VARIABLE = YES;
				IPHONEOS_DEPLOYMENT_TARGET = 17.2;
				LOCALIZATION_PREFERS_STRING_CATALOGS = YES;
				MTL_ENABLE_DEBUG_INFO = INCLUDE_SOURCE;
				MTL_FAST_MATH = YES;
				ONLY_ACTIVE_ARCH = YES;
				SDKROOT = iphoneos;
				SWIFT_ACTIVE_COMPILATION_CONDITIONS = "DEBUG $(inherited)";
				SWIFT_OPTIMIZATION_LEVEL = "-Onone";
			};
			name = Debug;
		};
		F43BE2972BC39FB6002D44D6 /* Release */ = {
			isa = XCBuildConfiguration;
			buildSettings = {
				ALWAYS_SEARCH_USER_PATHS = NO;
				ASSETCATALOG_COMPILER_GENERATE_SWIFT_ASSET_SYMBOL_EXTENSIONS = YES;
				CLANG_ANALYZER_NONNULL = YES;
				CLANG_ANALYZER_NUMBER_OBJECT_CONVERSION = YES_AGGRESSIVE;
				CLANG_CXX_LANGUAGE_STANDARD = "gnu++20";
				CLANG_ENABLE_MODULES = YES;
				CLANG_ENABLE_OBJC_ARC = YES;
				CLANG_ENABLE_OBJC_WEAK = YES;
				CLANG_WARN_BLOCK_CAPTURE_AUTORELEASING = YES;
				CLANG_WARN_BOOL_CONVERSION = YES;
				CLANG_WARN_COMMA = YES;
				CLANG_WARN_CONSTANT_CONVERSION = YES;
				CLANG_WARN_DEPRECATED_OBJC_IMPLEMENTATIONS = YES;
				CLANG_WARN_DIRECT_OBJC_ISA_USAGE = YES_ERROR;
				CLANG_WARN_DOCUMENTATION_COMMENTS = YES;
				CLANG_WARN_EMPTY_BODY = YES;
				CLANG_WARN_ENUM_CONVERSION = YES;
				CLANG_WARN_INFINITE_RECURSION = YES;
				CLANG_WARN_INT_CONVERSION = YES;
				CLANG_WARN_NON_LITERAL_NULL_CONVERSION = YES;
				CLANG_WARN_OBJC_IMPLICIT_RETAIN_SELF = YES;
				CLANG_WARN_OBJC_LITERAL_CONVERSION = YES;
				CLANG_WARN_OBJC_ROOT_CLASS = YES_ERROR;
				CLANG_WARN_QUOTED_INCLUDE_IN_FRAMEWORK_HEADER = YES;
				CLANG_WARN_RANGE_LOOP_ANALYSIS = YES;
				CLANG_WARN_STRICT_PROTOTYPES = YES;
				CLANG_WARN_SUSPICIOUS_MOVE = YES;
				CLANG_WARN_UNGUARDED_AVAILABILITY = YES_AGGRESSIVE;
				CLANG_WARN_UNREACHABLE_CODE = YES;
				CLANG_WARN__DUPLICATE_METHOD_MATCH = YES;
				COPY_PHASE_STRIP = NO;
				DEBUG_INFORMATION_FORMAT = "dwarf-with-dsym";
				ENABLE_NS_ASSERTIONS = NO;
				ENABLE_STRICT_OBJC_MSGSEND = YES;
				ENABLE_USER_SCRIPT_SANDBOXING = YES;
				GCC_C_LANGUAGE_STANDARD = gnu17;
				GCC_NO_COMMON_BLOCKS = YES;
				GCC_WARN_64_TO_32_BIT_CONVERSION = YES;
				GCC_WARN_ABOUT_RETURN_TYPE = YES_ERROR;
				GCC_WARN_UNDECLARED_SELECTOR = YES;
				GCC_WARN_UNINITIALIZED_AUTOS = YES_AGGRESSIVE;
				GCC_WARN_UNUSED_FUNCTION = YES;
				GCC_WARN_UNUSED_VARIABLE = YES;
				IPHONEOS_DEPLOYMENT_TARGET = 17.2;
				LOCALIZATION_PREFERS_STRING_CATALOGS = YES;
				MTL_ENABLE_DEBUG_INFO = NO;
				MTL_FAST_MATH = YES;
				SDKROOT = iphoneos;
				SWIFT_COMPILATION_MODE = wholemodule;
				VALIDATE_PRODUCT = YES;
			};
			name = Release;
		};
		F43BE2992BC39FB6002D44D6 /* Debug */ = {
			isa = XCBuildConfiguration;
			buildSettings = {
				ASSETCATALOG_COMPILER_APPICON_NAME = AppIcon;
				ASSETCATALOG_COMPILER_GLOBAL_ACCENT_COLOR_NAME = AccentColor;
				CODE_SIGN_STYLE = Automatic;
				CURRENT_PROJECT_VERSION = 1;
				DEVELOPMENT_ASSET_PATHS = "\"SwiftUIpractice/Preview Content\"";
				DEVELOPMENT_TEAM = WR5H634DWJ;
				ENABLE_PREVIEWS = YES;
				GENERATE_INFOPLIST_FILE = YES;
				INFOPLIST_KEY_UIApplicationSceneManifest_Generation = YES;
				INFOPLIST_KEY_UIApplicationSupportsIndirectInputEvents = YES;
				INFOPLIST_KEY_UILaunchScreen_Generation = YES;
				INFOPLIST_KEY_UISupportedInterfaceOrientations_iPad = "UIInterfaceOrientationPortrait UIInterfaceOrientationPortraitUpsideDown UIInterfaceOrientationLandscapeLeft UIInterfaceOrientationLandscapeRight";
				INFOPLIST_KEY_UISupportedInterfaceOrientations_iPhone = "UIInterfaceOrientationPortrait UIInterfaceOrientationLandscapeLeft UIInterfaceOrientationLandscapeRight";
				LD_RUNPATH_SEARCH_PATHS = (
					"$(inherited)",
					"@executable_path/Frameworks",
				);
				MARKETING_VERSION = 1.0;
				PRODUCT_BUNDLE_IDENTIFIER = com.rutik.SwiftUIpractice;
				PRODUCT_NAME = "$(TARGET_NAME)";
				SWIFT_EMIT_LOC_STRINGS = YES;
				SWIFT_VERSION = 5.0;
				TARGETED_DEVICE_FAMILY = "1,2";
			};
			name = Debug;
		};
		F43BE29A2BC39FB6002D44D6 /* Release */ = {
			isa = XCBuildConfiguration;
			buildSettings = {
				ASSETCATALOG_COMPILER_APPICON_NAME = AppIcon;
				ASSETCATALOG_COMPILER_GLOBAL_ACCENT_COLOR_NAME = AccentColor;
				CODE_SIGN_STYLE = Automatic;
				CURRENT_PROJECT_VERSION = 1;
				DEVELOPMENT_ASSET_PATHS = "\"SwiftUIpractice/Preview Content\"";
				DEVELOPMENT_TEAM = WR5H634DWJ;
				ENABLE_PREVIEWS = YES;
				GENERATE_INFOPLIST_FILE = YES;
				INFOPLIST_KEY_UIApplicationSceneManifest_Generation = YES;
				INFOPLIST_KEY_UIApplicationSupportsIndirectInputEvents = YES;
				INFOPLIST_KEY_UILaunchScreen_Generation = YES;
				INFOPLIST_KEY_UISupportedInterfaceOrientations_iPad = "UIInterfaceOrientationPortrait UIInterfaceOrientationPortraitUpsideDown UIInterfaceOrientationLandscapeLeft UIInterfaceOrientationLandscapeRight";
				INFOPLIST_KEY_UISupportedInterfaceOrientations_iPhone = "UIInterfaceOrientationPortrait UIInterfaceOrientationLandscapeLeft UIInterfaceOrientationLandscapeRight";
				LD_RUNPATH_SEARCH_PATHS = (
					"$(inherited)",
					"@executable_path/Frameworks",
				);
				MARKETING_VERSION = 1.0;
				PRODUCT_BUNDLE_IDENTIFIER = com.rutik.SwiftUIpractice;
				PRODUCT_NAME = "$(TARGET_NAME)";
				SWIFT_EMIT_LOC_STRINGS = YES;
				SWIFT_VERSION = 5.0;
				TARGETED_DEVICE_FAMILY = "1,2";
			};
			name = Release;
		};
/* End XCBuildConfiguration section */

/* Begin XCConfigurationList section */
		F43BE2852BC39FB4002D44D6 /* Build configuration list for PBXProject "SwiftUIpractice" */ = {
			isa = XCConfigurationList;
			buildConfigurations = (
				F43BE2962BC39FB6002D44D6 /* Debug */,
				F43BE2972BC39FB6002D44D6 /* Release */,
			);
			defaultConfigurationIsVisible = 0;
			defaultConfigurationName = Release;
		};
		F43BE2982BC39FB6002D44D6 /* Build configuration list for PBXNativeTarget "SwiftUIpractice" */ = {
			isa = XCConfigurationList;
			buildConfigurations = (
				F43BE2992BC39FB6002D44D6 /* Debug */,
				F43BE29A2BC39FB6002D44D6 /* Release */,
			);
			defaultConfigurationIsVisible = 0;
			defaultConfigurationName = Release;
		};
/* End XCConfigurationList section */
	};
	rootObject = F43BE2822BC39FB4002D44D6 /* Project object */;
}
